
Microsoft Visual Studio Solution File, Format Version 12.00
# Visual Studio Version 17
VisualStudioVersion = 17.5.33627.172
MinimumVisualStudioVersion = 10.0.40219.1
Project("{FAE04EC0-301F-11D3-BF4B-00C04F79EFBC}") = "eProdaja", "eProdaja\eProdaja.csproj", "{79DC9889-E650-48D0-B297-E9121A69F811}"
EndProject
Project("{FAE04EC0-301F-11D3-BF4B-00C04F79EFBC}") = "eProdaja.Services", "eProdaja.Services\eProdaja.Services.csproj", "{9038B91D-83E9-43B8-AF44-EEAC8A1E2755}"
EndProject
Global
	GlobalSection(SolutionConfigurationPlatforms) = preSolution
		Debug|Any CPU = Debug|Any CPU
		Release|Any CPU = Release|Any CPU
	EndGlobalSection
	GlobalSection(ProjectConfigurationPlatforms) = postSolution
		{79DC9889-E650-48D0-B297-E9121A69F811}.Debug|Any CPU.ActiveCfg = Debug|Any CPU
		{79DC9889-E650-48D0-B297-E9121A69F811}.Debug|Any CPU.Build.0 = Debug|Any CPU
		{79DC9889-E650-48D0-B297-E9121A69F811}.Release|Any CPU.ActiveCfg = Release|Any CPU
		{79DC9889-E650-48D0-B297-E9121A69F811}.Release|Any CPU.Build.0 = Release|Any CPU
		{9038B91D-83E9-43B8-AF44-EEAC8A1E2755}.Debug|Any CPU.ActiveCfg = Debug|Any CPU
		{9038B91D-83E9-43B8-AF44-EEAC8A1E2755}.Debug|Any CPU.Build.0 = Debug|Any CPU
		{9038B91D-83E9-43B8-AF44-EEAC8A1E2755}.Release|Any CPU.ActiveCfg = Release|Any CPU
		{9038B91D-83E9-43B8-AF44-EEAC8A1E2755}.Release|Any CPU.Build.0 = Release|Any CPU
	EndGlobalSection
	GlobalSection(SolutionProperties) = preSolution
		HideSolutionNode = FALSE
	EndGlobalSection
	GlobalSection(ExtensibilityGlobals) = postSolution
		SolutionGuid = {247DB40A-9173-4EA3-AD04-F5F08A75917F}
	EndGlobalSection
EndGlobal
